
Microsoft Visual Studio Solution File, Format Version 12.00
Project("{FAE04EC0-301F-11D3-BF4B-00C04F79EFBC}") = "XPOPerformance", "XPOPerformance\XPOPerformance.csproj", "{471F1094-F47E-444D-B23C-58DBA5D48308}"
EndProject
Global
	GlobalSection(SolutionConfigurationPlatforms) = preSolution
		Debug|Any CPU = Debug|Any CPU
		Release|Any CPU = Release|Any CPU
	EndGlobalSection
	GlobalSection(ProjectConfigurationPlatforms) = postSolution
		{471F1094-F47E-444D-B23C-58DBA5D48308}.Release|Any CPU.ActiveCfg = Release|Any CPU
		{471F1094-F47E-444D-B23C-58DBA5D48308}.Release|Any CPU.Build.0 = Release|Any CPU
		{471F1094-F47E-444D-B23C-58DBA5D48308}.Debug|Any CPU.ActiveCfg = Release|Any CPU
		{471F1094-F47E-444D-B23C-58DBA5D48308}.Debug|Any CPU.Build.0 = Release|Any CPU
	EndGlobalSection
EndGlobal
